
Microsoft Visual Studio Solution File, Format Version 12.00
# Visual Studio Version 16
VisualStudioVersion = 16.0.30011.22
MinimumVisualStudioVersion = 10.0.40219.1
Project("{9A19103F-16F7-4668-BE54-9A1E7A4F7556}") = "IgniteTrucksManager.Core", "IgniteTrucksManager.Core\IgniteTrucksManager.Core.csproj", "{9095DFAF-7DC1-4492-AB66-784A311B5DD3}"
EndProject
Project("{FAE04EC0-301F-11D3-BF4B-00C04F79EFBC}") = "IgniteTrucksManager.Api", "IgniteTrucksManager.Api\IgniteTrucksManager.Api.csproj", "{4B37EAFE-2A0B-4E1D-8C74-40ADD3B649A6}"
EndProject
Global
	GlobalSection(SolutionConfigurationPlatforms) = preSolution
		Debug|Any CPU = Debug|Any CPU
		Release|Any CPU = Release|Any CPU
	EndGlobalSection
	GlobalSection(ProjectConfigurationPlatforms) = postSolution
		{9095DFAF-7DC1-4492-AB66-784A311B5DD3}.Debug|Any CPU.ActiveCfg = Debug|Any CPU
		{9095DFAF-7DC1-4492-AB66-784A311B5DD3}.Debug|Any CPU.Build.0 = Debug|Any CPU
		{9095DFAF-7DC1-4492-AB66-784A311B5DD3}.Release|Any CPU.ActiveCfg = Release|Any CPU
		{9095DFAF-7DC1-4492-AB66-784A311B5DD3}.Release|Any CPU.Build.0 = Release|Any CPU
		{4B37EAFE-2A0B-4E1D-8C74-40ADD3B649A6}.Debug|Any CPU.ActiveCfg = Debug|Any CPU
		{4B37EAFE-2A0B-4E1D-8C74-40ADD3B649A6}.Debug|Any CPU.Build.0 = Debug|Any CPU
		{4B37EAFE-2A0B-4E1D-8C74-40ADD3B649A6}.Release|Any CPU.ActiveCfg = Release|Any CPU
		{4B37EAFE-2A0B-4E1D-8C74-40ADD3B649A6}.Release|Any CPU.Build.0 = Release|Any CPU
	EndGlobalSection
	GlobalSection(SolutionProperties) = preSolution
		HideSolutionNode = FALSE
	EndGlobalSection
	GlobalSection(ExtensibilityGlobals) = postSolution
		SolutionGuid = {FA2E930E-9738-4229-915D-F3F7C2E3CA11}
	EndGlobalSection
EndGlobal
